
Microsoft Visual Studio Solution File, Format Version 12.00
# Visual Studio Version 16
VisualStudioVersion = 16.0.31129.286
MinimumVisualStudioVersion = 10.0.40219.1
Project("{9A19103F-16F7-4668-BE54-9A1E7A4F7556}") = "JDWorldAPI", "JDWorldAPI\JDWorldAPI.csproj", "{8487F91C-3D81-4DF9-A83F-D759693B9768}"
EndProject
Project("{FAE04EC0-301F-11D3-BF4B-00C04F79EFBC}") = "JD_Hateoas", "JD_Hateoas\JD_Hateoas.csproj", "{5A30F42F-89F5-41E7-B6BF-6D9488704E3C}"
EndProject
Global
	GlobalSection(SolutionConfigurationPlatforms) = preSolution
		Debug|Any CPU = Debug|Any CPU
		Release|Any CPU = Release|Any CPU
	EndGlobalSection
	GlobalSection(ProjectConfigurationPlatforms) = postSolution
		{8487F91C-3D81-4DF9-A83F-D759693B9768}.Debug|Any CPU.ActiveCfg = Debug|Any CPU
		{8487F91C-3D81-4DF9-A83F-D759693B9768}.Debug|Any CPU.Build.0 = Debug|Any CPU
		{8487F91C-3D81-4DF9-A83F-D759693B9768}.Release|Any CPU.ActiveCfg = Release|Any CPU
		{8487F91C-3D81-4DF9-A83F-D759693B9768}.Release|Any CPU.Build.0 = Release|Any CPU
		{5A30F42F-89F5-41E7-B6BF-6D9488704E3C}.Debug|Any CPU.ActiveCfg = Debug|Any CPU
		{5A30F42F-89F5-41E7-B6BF-6D9488704E3C}.Debug|Any CPU.Build.0 = Debug|Any CPU
		{5A30F42F-89F5-41E7-B6BF-6D9488704E3C}.Release|Any CPU.ActiveCfg = Release|Any CPU
		{5A30F42F-89F5-41E7-B6BF-6D9488704E3C}.Release|Any CPU.Build.0 = Release|Any CPU
	EndGlobalSection
	GlobalSection(SolutionProperties) = preSolution
		HideSolutionNode = FALSE
	EndGlobalSection
	GlobalSection(ExtensibilityGlobals) = postSolution
		SolutionGuid = {1BE4D328-D86B-4B10-8E8F-01572077FCE8}
	EndGlobalSection
EndGlobal
